
Microsoft Visual Studio Solution File, Format Version 12.00
# Visual Studio Version 16
VisualStudioVersion = 16.0.31205.134
MinimumVisualStudioVersion = 10.0.40219.1
Project("{FAE04EC0-301F-11D3-BF4B-00C04F79EFBC}") = "CashRegister", "CashRegister\CashRegister.csproj", "{3286C70D-3160-401E-8846-05D92E0F7FC5}"
EndProject
Global
	GlobalSection(SolutionConfigurationPlatforms) = preSolution
		Debug|Any CPU = Debug|Any CPU
		Release|Any CPU = Release|Any CPU
	EndGlobalSection
	GlobalSection(ProjectConfigurationPlatforms) = postSolution
		{3286C70D-3160-401E-8846-05D92E0F7FC5}.Debug|Any CPU.ActiveCfg = Debug|Any CPU
		{3286C70D-3160-401E-8846-05D92E0F7FC5}.Debug|Any CPU.Build.0 = Debug|Any CPU
		{3286C70D-3160-401E-8846-05D92E0F7FC5}.Release|Any CPU.ActiveCfg = Release|Any CPU
		{3286C70D-3160-401E-8846-05D92E0F7FC5}.Release|Any CPU.Build.0 = Release|Any CPU
	EndGlobalSection
	GlobalSection(SolutionProperties) = preSolution
		HideSolutionNode = FALSE
	EndGlobalSection
	GlobalSection(ExtensibilityGlobals) = postSolution
		SolutionGuid = {D3BCE501-F37D-47D1-BF45-3DDC267946E6}
	EndGlobalSection
EndGlobal
